
Microsoft Visual Studio Solution File, Format Version 12.00
# Visual Studio 15
VisualStudioVersion = 15.0.26124.0
MinimumVisualStudioVersion = 15.0.26124.0
Project("{FAE04EC0-301F-11D3-BF4B-00C04F79EFBC}") = "basket-example", "src\basket-example\basket-example.csproj", "{FE61D42B-79BF-4992-A889-0FEBC158B4B8}"
EndProject
Project("{FAE04EC0-301F-11D3-BF4B-00C04F79EFBC}") = "basket-example.tests", "basket-example.tests\basket-example.tests.csproj", "{A0DBCF5D-A36B-4C3F-9A3C-6EC6D12848DF}"
EndProject
Global
	GlobalSection(SolutionConfigurationPlatforms) = preSolution
		Debug|Any CPU = Debug|Any CPU
		Debug|x64 = Debug|x64
		Debug|x86 = Debug|x86
		Release|Any CPU = Release|Any CPU
		Release|x64 = Release|x64
		Release|x86 = Release|x86
	EndGlobalSection
	GlobalSection(ProjectConfigurationPlatforms) = postSolution
		{FE61D42B-79BF-4992-A889-0FEBC158B4B8}.Debug|Any CPU.ActiveCfg = Debug|Any CPU
		{FE61D42B-79BF-4992-A889-0FEBC158B4B8}.Debug|Any CPU.Build.0 = Debug|Any CPU
		{FE61D42B-79BF-4992-A889-0FEBC158B4B8}.Debug|x64.ActiveCfg = Debug|Any CPU
		{FE61D42B-79BF-4992-A889-0FEBC158B4B8}.Debug|x64.Build.0 = Debug|Any CPU
		{FE61D42B-79BF-4992-A889-0FEBC158B4B8}.Debug|x86.ActiveCfg = Debug|Any CPU
		{FE61D42B-79BF-4992-A889-0FEBC158B4B8}.Debug|x86.Build.0 = Debug|Any CPU
		{FE61D42B-79BF-4992-A889-0FEBC158B4B8}.Release|Any CPU.ActiveCfg = Release|Any CPU
		{FE61D42B-79BF-4992-A889-0FEBC158B4B8}.Release|Any CPU.Build.0 = Release|Any CPU
		{FE61D42B-79BF-4992-A889-0FEBC158B4B8}.Release|x64.ActiveCfg = Release|Any CPU
		{FE61D42B-79BF-4992-A889-0FEBC158B4B8}.Release|x64.Build.0 = Release|Any CPU
		{FE61D42B-79BF-4992-A889-0FEBC158B4B8}.Release|x86.ActiveCfg = Release|Any CPU
		{FE61D42B-79BF-4992-A889-0FEBC158B4B8}.Release|x86.Build.0 = Release|Any CPU
		{A0DBCF5D-A36B-4C3F-9A3C-6EC6D12848DF}.Debug|Any CPU.ActiveCfg = Debug|Any CPU
		{A0DBCF5D-A36B-4C3F-9A3C-6EC6D12848DF}.Debug|Any CPU.Build.0 = Debug|Any CPU
		{A0DBCF5D-A36B-4C3F-9A3C-6EC6D12848DF}.Debug|x64.ActiveCfg = Debug|Any CPU
		{A0DBCF5D-A36B-4C3F-9A3C-6EC6D12848DF}.Debug|x64.Build.0 = Debug|Any CPU
		{A0DBCF5D-A36B-4C3F-9A3C-6EC6D12848DF}.Debug|x86.ActiveCfg = Debug|Any CPU
		{A0DBCF5D-A36B-4C3F-9A3C-6EC6D12848DF}.Debug|x86.Build.0 = Debug|Any CPU
		{A0DBCF5D-A36B-4C3F-9A3C-6EC6D12848DF}.Release|Any CPU.ActiveCfg = Release|Any CPU
		{A0DBCF5D-A36B-4C3F-9A3C-6EC6D12848DF}.Release|Any CPU.Build.0 = Release|Any CPU
		{A0DBCF5D-A36B-4C3F-9A3C-6EC6D12848DF}.Release|x64.ActiveCfg = Release|Any CPU
		{A0DBCF5D-A36B-4C3F-9A3C-6EC6D12848DF}.Release|x64.Build.0 = Release|Any CPU
		{A0DBCF5D-A36B-4C3F-9A3C-6EC6D12848DF}.Release|x86.ActiveCfg = Release|Any CPU
		{A0DBCF5D-A36B-4C3F-9A3C-6EC6D12848DF}.Release|x86.Build.0 = Release|Any CPU
	EndGlobalSection
	GlobalSection(SolutionProperties) = preSolution
		HideSolutionNode = FALSE
	EndGlobalSection
	GlobalSection(ExtensibilityGlobals) = postSolution
		SolutionGuid = {CB23B18D-D043-4F9F-8951-6A756839AFB6}
	EndGlobalSection
EndGlobal
